
Microsoft Visual Studio Solution File, Format Version 12.00
# Visual Studio Version 16
VisualStudioVersion = 16.0.31025.194
MinimumVisualStudioVersion = 10.0.40219.1
Project("{FAE04EC0-301F-11D3-BF4B-00C04F79EFBC}") = "TicTacToe", "TicTacToe.csproj", "{3F13100D-93C2-45F8-BB0D-A48FBA574001}"
EndProject
Global
	GlobalSection(SolutionConfigurationPlatforms) = preSolution
		Debug|Any CPU = Debug|Any CPU
		Release|Any CPU = Release|Any CPU
	EndGlobalSection
	GlobalSection(ProjectConfigurationPlatforms) = postSolution
		{3F13100D-93C2-45F8-BB0D-A48FBA574001}.Debug|Any CPU.ActiveCfg = Debug|Any CPU
		{3F13100D-93C2-45F8-BB0D-A48FBA574001}.Debug|Any CPU.Build.0 = Debug|Any CPU
		{3F13100D-93C2-45F8-BB0D-A48FBA574001}.Release|Any CPU.ActiveCfg = Release|Any CPU
		{3F13100D-93C2-45F8-BB0D-A48FBA574001}.Release|Any CPU.Build.0 = Release|Any CPU
	EndGlobalSection
	GlobalSection(SolutionProperties) = preSolution
		HideSolutionNode = FALSE
	EndGlobalSection
	GlobalSection(ExtensibilityGlobals) = postSolution
		SolutionGuid = {A6852AB8-02FC-47F9-AF04-73CF8F0A538E}
	EndGlobalSection
EndGlobal
